
Microsoft Visual Studio Solution File, Format Version 12.00
# Visual Studio Version 17
VisualStudioVersion = 17.4.33403.182
MinimumVisualStudioVersion = 10.0.40219.1
Project("{FAE04EC0-301F-11D3-BF4B-00C04F79EFBC}") = "SlotMachine", "SlotMachine\SlotMachine.csproj", "{07A49BA9-200B-4845-BCCB-28F77CE8459C}"
EndProject
Global
	GlobalSection(SolutionConfigurationPlatforms) = preSolution
		Debug|Any CPU = Debug|Any CPU
		Release|Any CPU = Release|Any CPU
	EndGlobalSection
	GlobalSection(ProjectConfigurationPlatforms) = postSolution
		{07A49BA9-200B-4845-BCCB-28F77CE8459C}.Debug|Any CPU.ActiveCfg = Debug|Any CPU
		{07A49BA9-200B-4845-BCCB-28F77CE8459C}.Debug|Any CPU.Build.0 = Debug|Any CPU
		{07A49BA9-200B-4845-BCCB-28F77CE8459C}.Release|Any CPU.ActiveCfg = Release|Any CPU
		{07A49BA9-200B-4845-BCCB-28F77CE8459C}.Release|Any CPU.Build.0 = Release|Any CPU
	EndGlobalSection
	GlobalSection(SolutionProperties) = preSolution
		HideSolutionNode = FALSE
	EndGlobalSection
	GlobalSection(ExtensibilityGlobals) = postSolution
		SolutionGuid = {41CDBEE3-EAC3-46E9-A926-459C8B866353}
	EndGlobalSection
EndGlobal
